// !$*UTF8*$!
{
	archiveVersion = 1;
	classes = {
	};
	objectVersion = 46;
	objects = {

/* Begin PBXBuildFile section */
		94CCB02B1A776C6C00C70FF2 /* main.m in Sources */ = {isa = PBXBuildFile; fileRef = 94CCB02A1A776C6C00C70FF2 /* main.m */; };
		94CCB02E1A776C6C00C70FF2 /* AppDelegate.m in Sources */ = {isa = PBXBuildFile; fileRef = 94CCB02D1A776C6C00C70FF2 /* AppDelegate.m */; };
		94CCB0311A776C6C00C70FF2 /* ViewController.m in Sources */ = {isa = PBXBuildFile; fileRef = 94CCB0301A776C6C00C70FF2 /* ViewController.m */; };
		94CCB0341A776C6C00C70FF2 /* Main.storyboard in Resources */ = {isa = PBXBuildFile; fileRef = 94CCB0321A776C6C00C70FF2 /* Main.storyboard */; };
		94CCB0361A776C6D00C70FF2 /* Images.xcassets in Resources */ = {isa = PBXBuildFile; fileRef = 94CCB0351A776C6D00C70FF2 /* Images.xcassets */; };
		94CCB0391A776C6D00C70FF2 /* LaunchScreen.xib in Resources */ = {isa = PBXBuildFile; fileRef = 94CCB0371A776C6D00C70FF2 /* LaunchScreen.xib */; };
		94CCB0451A776C6D00C70FF2 /* SuperCardTests.m in Sources */ = {isa = PBXBuildFile; fileRef = 94CCB0441A776C6D00C70FF2 /* SuperCardTests.m */; };
		94CCB0501A776E3E00C70FF2 /* PlayingCardView.m in Sources */ = {isa = PBXBuildFile; fileRef = 94CCB04F1A776E3E00C70FF2 /* PlayingCardView.m */; };
		94CCB0701A77A2B400C70FF2 /* Card.m in Sources */ = {isa = PBXBuildFile; fileRef = 94CCB0671A77A2B300C70FF2 /* Card.m */; };
		94CCB0711A77A2B400C70FF2 /* CardMatchingGame.m in Sources */ = {isa = PBXBuildFile; fileRef = 94CCB0691A77A2B300C70FF2 /* CardMatchingGame.m */; };
		94CCB0721A77A2B400C70FF2 /* Deck.m in Sources */ = {isa = PBXBuildFile; fileRef = 94CCB06B1A77A2B300C70FF2 /* Deck.m */; };
		94CCB0731A77A2B400C70FF2 /* PlayingCard.m in Sources */ = {isa = PBXBuildFile; fileRef = 94CCB06D1A77A2B300C70FF2 /* PlayingCard.m */; };
		94CCB0741A77A2B400C70FF2 /* PlayingCardDeck.m in Sources */ = {isa = PBXBuildFile; fileRef = 94CCB06F1A77A2B300C70FF2 /* PlayingCardDeck.m */; };
/* End PBXBuildFile section */

/* Begin PBXContainerItemProxy section */
		94CCB03F1A776C6D00C70FF2 /* PBXContainerItemProxy */ = {
			isa = PBXContainerItemProxy;
			containerPortal = 94CCB01D1A776C6C00C70FF2 /* Project object */;
			proxyType = 1;
			remoteGlobalIDString = 94CCB0241A776C6C00C70FF2;
			remoteInfo = SuperCard;
		};
/* End PBXContainerItemProxy section */

/* Begin PBXFileReference section */
		94CCB0251A776C6C00C70FF2 /* SuperCard.app */ = {isa = PBXFileReference; explicitFileType = wrapper.application; includeInIndex = 0; path = SuperCard.app; sourceTree = BUILT_PRODUCTS_DIR; };
		94CCB0291A776C6C00C70FF2 /* Info.plist */ = {isa = PBXFileReference; lastKnownFileType = text.plist.xml; path = Info.plist; sourceTree = "<group>"; };
		94CCB02A1A776C6C00C70FF2 /* main.m */ = {isa = PBXFileReference; lastKnownFileType = sourcecode.c.objc; path = main.m; sourceTree = "<group>"; };
		94CCB02C1A776C6C00C70FF2 /* AppDelegate.h */ = {isa = PBXFileReference; lastKnownFileType = sourcecode.c.h; path = AppDelegate.h; sourceTree = "<group>"; };
		94CCB02D1A776C6C00C70FF2 /* AppDelegate.m */ = {isa = PBXFileReference; lastKnownFileType = sourcecode.c.objc; path = AppDelegate.m; sourceTree = "<group>"; };
		94CCB02F1A776C6C00C70FF2 /* ViewController.h */ = {isa = PBXFileReference; lastKnownFileType = sourcecode.c.h; path = ViewController.h; sourceTree = "<group>"; };
		94CCB0301A776C6C00C70FF2 /* ViewController.m */ = {isa = PBXFileReference; lastKnownFileType = sourcecode.c.objc; path = ViewController.m; sourceTree = "<group>"; };
		94CCB0331A776C6C00C70FF2 /* Base */ = {isa = PBXFileReference; lastKnownFileType = file.storyboard; name = Base; path = Base.lproj/Main.storyboard; sourceTree = "<group>"; };
		94CCB0351A776C6D00C70FF2 /* Images.xcassets */ = {isa = PBXFileReference; lastKnownFileType = folder.assetcatalog; path = Images.xcassets; sourceTree = "<group>"; };
		94CCB0381A776C6D00C70FF2 /* Base */ = {isa = PBXFileReference; lastKnownFileType = file.xib; name = Base; path = Base.lproj/LaunchScreen.xib; sourceTree = "<group>"; };
		94CCB03E1A776C6D00C70FF2 /* SuperCardTests.xctest */ = {isa = PBXFileReference; explicitFileType = wrapper.cfbundle; includeInIndex = 0; path = SuperCardTests.xctest; sourceTree = BUILT_PRODUCTS_DIR; };
		94CCB0431A776C6D00C70FF2 /* Info.plist */ = {isa = PBXFileReference; lastKnownFileType = text.plist.xml; path = Info.plist; sourceTree = "<group>"; };
		94CCB0441A776C6D00C70FF2 /* SuperCardTests.m */ = {isa = PBXFileReference; lastKnownFileType = sourcecode.c.objc; path = SuperCardTests.m; sourceTree = "<group>"; };
		94CCB04E1A776E3E00C70FF2 /* PlayingCardView.h */ = {isa = PBXFileReference; fileEncoding = 4; lastKnownFileType = sourcecode.c.h; path = PlayingCardView.h; sourceTree = "<group>"; };
		94CCB04F1A776E3E00C70FF2 /* PlayingCardView.m */ = {isa = PBXFileReference; fileEncoding = 4; lastKnownFileType = sourcecode.c.objc; path = PlayingCardView.m; sourceTree = "<group>"; };
		94CCB0661A77A2B300C70FF2 /* Card.h */ = {isa = PBXFileReference; fileEncoding = 4; lastKnownFileType = sourcecode.c.h; path = Card.h; sourceTree = "<group>"; };
		94CCB0671A77A2B300C70FF2 /* Card.m */ = {isa = PBXFileReference; fileEncoding = 4; lastKnownFileType = sourcecode.c.objc; path = Card.m; sourceTree = "<group>"; };
		94CCB0681A77A2B300C70FF2 /* CardMatchingGame.h */ = {isa = PBXFileReference; fileEncoding = 4; lastKnownFileType = sourcecode.c.h; path = CardMatchingGame.h; sourceTree = "<group>"; };
		94CCB0691A77A2B300C70FF2 /* CardMatchingGame.m */ = {isa = PBXFileReference; fileEncoding = 4; lastKnownFileType = sourcecode.c.objc; path = CardMatchingGame.m; sourceTree = "<group>"; };
		94CCB06A1A77A2B300C70FF2 /* Deck.h */ = {isa = PBXFileReference; fileEncoding = 4; lastKnownFileType = sourcecode.c.h; path = Deck.h; sourceTree = "<group>"; };
		94CCB06B1A77A2B300C70FF2 /* Deck.m */ = {isa = PBXFileReference; fileEncoding = 4; lastKnownFileType = sourcecode.c.objc; path = Deck.m; sourceTree = "<group>"; };
		94CCB06C1A77A2B300C70FF2 /* PlayingCard.h */ = {isa = PBXFileReference; fileEncoding = 4; lastKnownFileType = sourcecode.c.h; path = PlayingCard.h; sourceTree = "<group>"; };
		94CCB06D1A77A2B300C70FF2 /* PlayingCard.m */ = {isa = PBXFileReference; fileEncoding = 4; lastKnownFileType = sourcecode.c.objc; path = PlayingCard.m; sourceTree = "<group>"; };
		94CCB06E1A77A2B300C70FF2 /* PlayingCardDeck.h */ = {isa = PBXFileReference; fileEncoding = 4; lastKnownFileType = sourcecode.c.h; path = PlayingCardDeck.h; sourceTree = "<group>"; };
		94CCB06F1A77A2B300C70FF2 /* PlayingCardDeck.m */ = {isa = PBXFileReference; fileEncoding = 4; lastKnownFileType = sourcecode.c.objc; path = PlayingCardDeck.m; sourceTree = "<group>"; };
/* End PBXFileReference section */

/* Begin PBXFrameworksBuildPhase section */
		94CCB0221A776C6C00C70FF2 /* Frameworks */ = {
			isa = PBXFrameworksBuildPhase;
			buildActionMask = 2147483647;
			files = (
			);
			runOnlyForDeploymentPostprocessing = 0;
		};
		94CCB03B1A776C6D00C70FF2 /* Frameworks */ = {
			isa = PBXFrameworksBuildPhase;
			buildActionMask = 2147483647;
			files = (
			);
			runOnlyForDeploymentPostprocessing = 0;
		};
/* End PBXFrameworksBuildPhase section */

/* Begin PBXGroup section */
		94CCB01C1A776C6C00C70FF2 = {
			isa = PBXGroup;
			children = (
				94CCB0271A776C6C00C70FF2 /* SuperCard */,
				94CCB0411A776C6D00C70FF2 /* SuperCardTests */,
				94CCB0261A776C6C00C70FF2 /* Products */,
			);
			sourceTree = "<group>";
		};
		94CCB0261A776C6C00C70FF2 /* Products */ = {
			isa = PBXGroup;
			children = (
				94CCB0251A776C6C00C70FF2 /* SuperCard.app */,
				94CCB03E1A776C6D00C70FF2 /* SuperCardTests.xctest */,
			);
			name = Products;
			sourceTree = "<group>";
		};
		94CCB0271A776C6C00C70FF2 /* SuperCard */ = {
			isa = PBXGroup;
			children = (
				94CCB0651A77A2B300C70FF2 /* Model */,
				94CCB02F1A776C6C00C70FF2 /* ViewController.h */,
				94CCB0301A776C6C00C70FF2 /* ViewController.m */,
				94CCB0321A776C6C00C70FF2 /* Main.storyboard */,
				94CCB04E1A776E3E00C70FF2 /* PlayingCardView.h */,
				94CCB04F1A776E3E00C70FF2 /* PlayingCardView.m */,
				94CCB0351A776C6D00C70FF2 /* Images.xcassets */,
				94CCB0371A776C6D00C70FF2 /* LaunchScreen.xib */,
				94CCB0281A776C6C00C70FF2 /* Supporting Files */,
			);
			path = SuperCard;
			sourceTree = "<group>";
		};
		94CCB0281A776C6C00C70FF2 /* Supporting Files */ = {
			isa = PBXGroup;
			children = (
				94CCB02C1A776C6C00C70FF2 /* AppDelegate.h */,
				94CCB02D1A776C6C00C70FF2 /* AppDelegate.m */,
				94CCB0291A776C6C00C70FF2 /* Info.plist */,
				94CCB02A1A776C6C00C70FF2 /* main.m */,
			);
			name = "Supporting Files";
			sourceTree = "<group>";
		};
		94CCB0411A776C6D00C70FF2 /* SuperCardTests */ = {
			isa = PBXGroup;
			children = (
				94CCB0441A776C6D00C70FF2 /* SuperCardTests.m */,
				94CCB0421A776C6D00C70FF2 /* Supporting Files */,
			);
			path = SuperCardTests;
			sourceTree = "<group>";
		};
		94CCB0421A776C6D00C70FF2 /* Supporting Files */ = {
			isa = PBXGroup;
			children = (
				94CCB0431A776C6D00C70FF2 /* Info.plist */,
			);
			name = "Supporting Files";
			sourceTree = "<group>";
		};
		94CCB0651A77A2B300C70FF2 /* Model */ = {
			isa = PBXGroup;
			children = (
				94CCB0661A77A2B300C70FF2 /* Card.h */,
				94CCB0671A77A2B300C70FF2 /* Card.m */,
				94CCB0681A77A2B300C70FF2 /* CardMatchingGame.h */,
				94CCB0691A77A2B300C70FF2 /* CardMatchingGame.m */,
				94CCB06A1A77A2B300C70FF2 /* Deck.h */,
				94CCB06B1A77A2B300C70FF2 /* Deck.m */,
				94CCB06C1A77A2B300C70FF2 /* PlayingCard.h */,
				94CCB06D1A77A2B300C70FF2 /* PlayingCard.m */,
				94CCB06E1A77A2B300C70FF2 /* PlayingCardDeck.h */,
				94CCB06F1A77A2B300C70FF2 /* PlayingCardDeck.m */,
			);
			path = Model;
			sourceTree = "<group>";
		};
/* End PBXGroup section */

/* Begin PBXNativeTarget section */
		94CCB0241A776C6C00C70FF2 /* SuperCard */ = {
			isa = PBXNativeTarget;
			buildConfigurationList = 94CCB0481A776C6D00C70FF2 /* Build configuration list for PBXNativeTarget "SuperCard" */;
			buildPhases = (
				94CCB0211A776C6C00C70FF2 /* Sources */,
				94CCB0221A776C6C00C70FF2 /* Frameworks */,
				94CCB0231A776C6C00C70FF2 /* Resources */,
			);
			buildRules = (
			);
			dependencies = (
			);
			name = SuperCard;
			productName = SuperCard;
			productReference = 94CCB0251A776C6C00C70FF2 /* SuperCard.app */;
			productType = "com.apple.product-type.application";
		};
		94CCB03D1A776C6D00C70FF2 /* SuperCardTests */ = {
			isa = PBXNativeTarget;
			buildConfigurationList = 94CCB04B1A776C6D00C70FF2 /* Build configuration list for PBXNativeTarget "SuperCardTests" */;
			buildPhases = (
				94CCB03A1A776C6D00C70FF2 /* Sources */,
				94CCB03B1A776C6D00C70FF2 /* Frameworks */,
				94CCB03C1A776C6D00C70FF2 /* Resources */,
			);
			buildRules = (
			);
			dependencies = (
				94CCB0401A776C6D00C70FF2 /* PBXTargetDependency */,
			);
			name = SuperCardTests;
			productName = SuperCardTests;
			productReference = 94CCB03E1A776C6D00C70FF2 /* SuperCardTests.xctest */;
			productType = "com.apple.product-type.bundle.unit-test";
		};
/* End PBXNativeTarget section */

/* Begin PBXProject section */
		94CCB01D1A776C6C00C70FF2 /* Project object */ = {
			isa = PBXProject;
			attributes = {
				LastUpgradeCheck = 0610;
				ORGANIZATIONNAME = Ryan;
				TargetAttributes = {
					94CCB0241A776C6C00C70FF2 = {
						CreatedOnToolsVersion = 6.1.1;
					};
					94CCB03D1A776C6D00C70FF2 = {
						CreatedOnToolsVersion = 6.1.1;
						TestTargetID = 94CCB0241A776C6C00C70FF2;
					};
				};
			};
			buildConfigurationList = 94CCB0201A776C6C00C70FF2 /* Build configuration list for PBXProject "SuperCard" */;
			compatibilityVersion = "Xcode 3.2";
			developmentRegion = English;
			hasScannedForEncodings = 0;
			knownRegions = (
				en,
				Base,
			);
			mainGroup = 94CCB01C1A776C6C00C70FF2;
			productRefGroup = 94CCB0261A776C6C00C70FF2 /* Products */;
			projectDirPath = "";
			projectRoot = "";
			targets = (
				94CCB0241A776C6C00C70FF2 /* SuperCard */,
				94CCB03D1A776C6D00C70FF2 /* SuperCardTests */,
			);
		};
/* End PBXProject section */

/* Begin PBXResourcesBuildPhase section */
		94CCB0231A776C6C00C70FF2 /* Resources */ = {
			isa = PBXResourcesBuildPhase;
			buildActionMask = 2147483647;
			files = (
				94CCB0341A776C6C00C70FF2 /* Main.storyboard in Resources */,
				94CCB0391A776C6D00C70FF2 /* LaunchScreen.xib in Resources */,
				94CCB0361A776C6D00C70FF2 /* Images.xcassets in Resources */,
			);
			runOnlyForDeploymentPostprocessing = 0;
		};
		94CCB03C1A776C6D00C70FF2 /* Resources */ = {
			isa = PBXResourcesBuildPhase;
			buildActionMask = 2147483647;
			files = (
			);
			runOnlyForDeploymentPostprocessing = 0;
		};
/* End PBXResourcesBuildPhase section */

/* Begin PBXSourcesBuildPhase section */
		94CCB0211A776C6C00C70FF2 /* Sources */ = {
			isa = PBXSourcesBuildPhase;
			buildActionMask = 2147483647;
			files = (
				94CCB0711A77A2B400C70FF2 /* CardMatchingGame.m in Sources */,
				94CCB0741A77A2B400C70FF2 /* PlayingCardDeck.m in Sources */,
				94CCB0721A77A2B400C70FF2 /* Deck.m in Sources */,
				94CCB0701A77A2B400C70FF2 /* Card.m in Sources */,
				94CCB0311A776C6C00C70FF2 /* ViewController.m in Sources */,
				94CCB0501A776E3E00C70FF2 /* PlayingCardView.m in Sources */,
				94CCB02E1A776C6C00C70FF2 /* AppDelegate.m in Sources */,
				94CCB0731A77A2B400C70FF2 /* PlayingCard.m in Sources */,
				94CCB02B1A776C6C00C70FF2 /* main.m in Sources */,
			);
			runOnlyForDeploymentPostprocessing = 0;
		};
		94CCB03A1A776C6D00C70FF2 /* Sources */ = {
			isa = PBXSourcesBuildPhase;
			buildActionMask = 2147483647;
			files = (
				94CCB0451A776C6D00C70FF2 /* SuperCardTests.m in Sources */,
			);
			runOnlyForDeploymentPostprocessing = 0;
		};
/* End PBXSourcesBuildPhase section */

/* Begin PBXTargetDependency section */
		94CCB0401A776C6D00C70FF2 /* PBXTargetDependency */ = {
			isa = PBXTargetDependency;
			target = 94CCB0241A776C6C00C70FF2 /* SuperCard */;
			targetProxy = 94CCB03F1A776C6D00C70FF2 /* PBXContainerItemProxy */;
		};
/* End PBXTargetDependency section */

/* Begin PBXVariantGroup section */
		94CCB0321A776C6C00C70FF2 /* Main.storyboard */ = {
			isa = PBXVariantGroup;
			children = (
				94CCB0331A776C6C00C70FF2 /* Base */,
			);
			name = Main.storyboard;
			sourceTree = "<group>";
		};
		94CCB0371A776C6D00C70FF2 /* LaunchScreen.xib */ = {
			isa = PBXVariantGroup;
			children = (
				94CCB0381A776C6D00C70FF2 /* Base */,
			);
			name = LaunchScreen.xib;
			sourceTree = "<group>";
		};
/* End PBXVariantGroup section */

/* Begin XCBuildConfiguration section */
		94CCB0461A776C6D00C70FF2 /* Debug */ = {
			isa = XCBuildConfiguration;
			buildSettings = {
				ALWAYS_SEARCH_USER_PATHS = NO;
				CLANG_CXX_LANGUAGE_STANDARD = "gnu++0x";
				CLANG_CXX_LIBRARY = "libc++";
				CLANG_ENABLE_MODULES = YES;
				CLANG_ENABLE_OBJC_ARC = YES;
				CLANG_WARN_BOOL_CONVERSION = YES;
				CLANG_WARN_CONSTANT_CONVERSION = YES;
				CLANG_WARN_DIRECT_OBJC_ISA_USAGE = YES_ERROR;
				CLANG_WARN_EMPTY_BODY = YES;
				CLANG_WARN_ENUM_CONVERSION = YES;
				CLANG_WARN_INT_CONVERSION = YES;
				CLANG_WARN_OBJC_ROOT_CLASS = YES_ERROR;
				CLANG_WARN_UNREACHABLE_CODE = YES;
				CLANG_WARN__DUPLICATE_METHOD_MATCH = YES;
				"CODE_SIGN_IDENTITY[sdk=iphoneos*]" = "iPhone Developer";
				COPY_PHASE_STRIP = NO;
				ENABLE_STRICT_OBJC_MSGSEND = YES;
				GCC_C_LANGUAGE_STANDARD = gnu99;
				GCC_DYNAMIC_NO_PIC = NO;
				GCC_OPTIMIZATION_LEVEL = 0;
				GCC_PREPROCESSOR_DEFINITIONS = (
					"DEBUG=1",
					"$(inherited)",
				);
				GCC_SYMBOLS_PRIVATE_EXTERN = NO;
				GCC_WARN_64_TO_32_BIT_CONVERSION = YES;
				GCC_WARN_ABOUT_RETURN_TYPE = YES_ERROR;
				GCC_WARN_UNDECLARED_SELECTOR = YES;
				GCC_WARN_UNINITIALIZED_AUTOS = YES_AGGRESSIVE;
				GCC_WARN_UNUSED_FUNCTION = YES;
				GCC_WARN_UNUSED_VARIABLE = YES;
				IPHONEOS_DEPLOYMENT_TARGET = 8.1;
				MTL_ENABLE_DEBUG_INFO = YES;
				ONLY_ACTIVE_ARCH = YES;
				SDKROOT = iphoneos;
			};
			name = Debug;
		};
		94CCB0471A776C6D00C70FF2 /* Release */ = {
			isa = XCBuildConfiguration;
			buildSettings = {
				ALWAYS_SEARCH_USER_PATHS = NO;
				CLANG_CXX_LANGUAGE_STANDARD = "gnu++0x";
				CLANG_CXX_LIBRARY = "libc++";
				CLANG_ENABLE_MODULES = YES;
				CLANG_ENABLE_OBJC_ARC = YES;
				CLANG_WARN_BOOL_CONVERSION = YES;
				CLANG_WARN_CONSTANT_CONVERSION = YES;
				CLANG_WARN_DIRECT_OBJC_ISA_USAGE = YES_ERROR;
				CLANG_WARN_EMPTY_BODY = YES;
				CLANG_WARN_ENUM_CONVERSION = YES;
				CLANG_WARN_INT_CONVERSION = YES;
				CLANG_WARN_OBJC_ROOT_CLASS = YES_ERROR;
				CLANG_WARN_UNREACHABLE_CODE = YES;
				CLANG_WARN__DUPLICATE_METHOD_MATCH = YES;
				"CODE_SIGN_IDENTITY[sdk=iphoneos*]" = "iPhone Developer";
				COPY_PHASE_STRIP = YES;
				ENABLE_NS_ASSERTIONS = NO;
				ENABLE_STRICT_OBJC_MSGSEND = YES;
				GCC_C_LANGUAGE_STANDARD = gnu99;
				GCC_WARN_64_TO_32_BIT_CONVERSION = YES;
				GCC_WARN_ABOUT_RETURN_TYPE = YES_ERROR;
				GCC_WARN_UNDECLARED_SELECTOR = YES;
				GCC_WARN_UNINITIALIZED_AUTOS = YES_AGGRESSIVE;
				GCC_WARN_UNUSED_FUNCTION = YES;
				GCC_WARN_UNUSED_VARIABLE = YES;
				IPHONEOS_DEPLOYMENT_TARGET = 8.1;
				MTL_ENABLE_DEBUG_INFO = NO;
				SDKROOT = iphoneos;
				VALIDATE_PRODUCT = YES;
			};
			name = Release;
		};
		94CCB0491A776C6D00C70FF2 /* Debug */ = {
			isa = XCBuildConfiguration;
			buildSettings = {
				ASSETCATALOG_COMPILER_APPICON_NAME = AppIcon;
				INFOPLIST_FILE = SuperCard/Info.plist;
				LD_RUNPATH_SEARCH_PATHS = "$(inherited) @executable_path/Frameworks";
				PRODUCT_NAME = "$(TARGET_NAME)";
			};
			name = Debug;
		};
		94CCB04A1A776C6D00C70FF2 /* Release */ = {
			isa = XCBuildConfiguration;
			buildSettings = {
				ASSETCATALOG_COMPILER_APPICON_NAME = AppIcon;
				INFOPLIST_FILE = SuperCard/Info.plist;
				LD_RUNPATH_SEARCH_PATHS = "$(inherited) @executable_path/Frameworks";
				PRODUCT_NAME = "$(TARGET_NAME)";
			};
			name = Release;
		};
		94CCB04C1A776C6D00C70FF2 /* Debug */ = {
			isa = XCBuildConfiguration;
			buildSettings = {
				BUNDLE_LOADER = "$(TEST_HOST)";
				FRAMEWORK_SEARCH_PATHS = (
					"$(SDKROOT)/Developer/Library/Frameworks",
					"$(inherited)",
				);
				GCC_PREPROCESSOR_DEFINITIONS = (
					"DEBUG=1",
					"$(inherited)",
				);
				INFOPLIST_FILE = SuperCardTests/Info.plist;
				LD_RUNPATH_SEARCH_PATHS = "$(inherited) @executable_path/Frameworks @loader_path/Frameworks";
				PRODUCT_NAME = "$(TARGET_NAME)";
				TEST_HOST = "$(BUILT_PRODUCTS_DIR)/SuperCard.app/SuperCard";
			};
			name = Debug;
		};
		94CCB04D1A776C6D00C70FF2 /* Release */ = {
			isa = XCBuildConfiguration;
			buildSettings = {
				BUNDLE_LOADER = "$(TEST_HOST)";
				FRAMEWORK_SEARCH_PATHS = (
					"$(SDKROOT)/Developer/Library/Frameworks",
					"$(inherited)",
				);
				INFOPLIST_FILE = SuperCardTests/Info.plist;
				LD_RUNPATH_SEARCH_PATHS = "$(inherited) @executable_path/Frameworks @loader_path/Frameworks";
				PRODUCT_NAME = "$(TARGET_NAME)";
				TEST_HOST = "$(BUILT_PRODUCTS_DIR)/SuperCard.app/SuperCard";
			};
			name = Release;
		};
/* End XCBuildConfiguration section */

/* Begin XCConfigurationList section */
		94CCB0201A776C6C00C70FF2 /* Build configuration list for PBXProject "SuperCard" */ = {
			isa = XCConfigurationList;
			buildConfigurations = (
				94CCB0461A776C6D00C70FF2 /* Debug */,
				94CCB0471A776C6D00C70FF2 /* Release */,
			);
			defaultConfigurationIsVisible = 0;
			defaultConfigurationName = Release;
		};
		94CCB0481A776C6D00C70FF2 /* Build configuration list for PBXNativeTarget "SuperCard" */ = {
			isa = XCConfigurationList;
			buildConfigurations = (
				94CCB0491A776C6D00C70FF2 /* Debug */,
				94CCB04A1A776C6D00C70FF2 /* Release */,
			);
			defaultConfigurationIsVisible = 0;
		};
		94CCB04B1A776C6D00C70FF2 /* Build configuration list for PBXNativeTarget "SuperCardTests" */ = {
			isa = XCConfigurationList;
			buildConfigurations = (
				94CCB04C1A776C6D00C70FF2 /* Debug */,
				94CCB04D1A776C6D00C70FF2 /* Release */,
			);
			defaultConfigurationIsVisible = 0;
		};
/* End XCConfigurationList section */
	};
	rootObject = 94CCB01D1A776C6C00C70FF2 /* Project object */;
}
